
Microsoft Visual Studio Solution File, Format Version 12.00
# Visual Studio Version 17
VisualStudioVersion = 17.1.32210.238
MinimumVisualStudioVersion = 10.0.40219.1
Project("{FAE04EC0-301F-11D3-BF4B-00C04F79EFBC}") = "ActQuickSort", "ActQuickSort\ActQuickSort.csproj", "{C67ECE38-EEFC-4940-A559-295827BC22EE}"
EndProject
Global
	GlobalSection(SolutionConfigurationPlatforms) = preSolution
		Debug|Any CPU = Debug|Any CPU
		Release|Any CPU = Release|Any CPU
	EndGlobalSection
	GlobalSection(ProjectConfigurationPlatforms) = postSolution
		{C67ECE38-EEFC-4940-A559-295827BC22EE}.Debug|Any CPU.ActiveCfg = Debug|Any CPU
		{C67ECE38-EEFC-4940-A559-295827BC22EE}.Debug|Any CPU.Build.0 = Debug|Any CPU
		{C67ECE38-EEFC-4940-A559-295827BC22EE}.Release|Any CPU.ActiveCfg = Release|Any CPU
		{C67ECE38-EEFC-4940-A559-295827BC22EE}.Release|Any CPU.Build.0 = Release|Any CPU
	EndGlobalSection
	GlobalSection(SolutionProperties) = preSolution
		HideSolutionNode = FALSE
	EndGlobalSection
	GlobalSection(ExtensibilityGlobals) = postSolution
		SolutionGuid = {F85AB692-DF6F-4C3A-A439-8BA082FBE3B1}
	EndGlobalSection
EndGlobal
